
Microsoft Visual Studio Solution File, Format Version 12.00
# Visual Studio 15
VisualStudioVersion = 15.0.27703.2042
MinimumVisualStudioVersion = 10.0.40219.1
Project("{9A19103F-16F7-4668-BE54-9A1E7A4F7556}") = "TestJenkins", "TestJenkins\TestJenkins.csproj", "{42821983-FB48-411D-B998-AE08443D095F}"
EndProject
Project("{FAE04EC0-301F-11D3-BF4B-00C04F79EFBC}") = "XUnitTestJenkins", "XUnitTestJenkins\XUnitTestJenkins.csproj", "{ED0D4172-4C2E-4E39-8820-B07AB076BB8D}"
EndProject
Global
	GlobalSection(SolutionConfigurationPlatforms) = preSolution
		Debug|Any CPU = Debug|Any CPU
		Release|Any CPU = Release|Any CPU
	EndGlobalSection
	GlobalSection(ProjectConfigurationPlatforms) = postSolution
		{42821983-FB48-411D-B998-AE08443D095F}.Debug|Any CPU.ActiveCfg = Debug|Any CPU
		{42821983-FB48-411D-B998-AE08443D095F}.Debug|Any CPU.Build.0 = Debug|Any CPU
		{42821983-FB48-411D-B998-AE08443D095F}.Release|Any CPU.ActiveCfg = Release|Any CPU
		{42821983-FB48-411D-B998-AE08443D095F}.Release|Any CPU.Build.0 = Release|Any CPU
		{ED0D4172-4C2E-4E39-8820-B07AB076BB8D}.Debug|Any CPU.ActiveCfg = Debug|Any CPU
		{ED0D4172-4C2E-4E39-8820-B07AB076BB8D}.Debug|Any CPU.Build.0 = Debug|Any CPU
		{ED0D4172-4C2E-4E39-8820-B07AB076BB8D}.Release|Any CPU.ActiveCfg = Release|Any CPU
		{ED0D4172-4C2E-4E39-8820-B07AB076BB8D}.Release|Any CPU.Build.0 = Release|Any CPU
	EndGlobalSection
	GlobalSection(SolutionProperties) = preSolution
		HideSolutionNode = FALSE
	EndGlobalSection
	GlobalSection(ExtensibilityGlobals) = postSolution
		SolutionGuid = {65AB3651-3B0B-4429-8EFF-1FCA9603020C}
	EndGlobalSection
EndGlobal
